<?xml version="1.0" encoding="utf-8"?>
<Project ToolsVersion="4.0" xmlns="http://schemas.microsoft.com/developer/msbuild/2003">
  <ItemGroup>
    <Filter Include="Source Files">
      <UniqueIdentifier>{4FC737F1-C7A5-4376-A066-2A32D752A2FF}</UniqueIdentifier>
      <Extensions>cpp;c;cc;cxx;def;odl;idl;hpj;bat;asm;asmx</Extensions>
    </Filter>
    <Filter Include="Header Files">
      <UniqueIdentifier>{93995380-89BD-4b04-88EB-625FBE52EBFB}</UniqueIdentifier>
      <Extensions>h;hpp;hxx;hm;inl;inc;xsd</Extensions>
    </Filter>
  </ItemGroup>
  <ItemGroup>
    <ClCompile Include="$(SRC_DIR_CommonAPI)\adtlist.c">
      <Filter>Source Files</Filter>
    </ClCompile>
    <ClCompile Include="$(SRC_DIR_CommonAPI)\dpythag.c">
      <Filter>Source Files</Filter>
    </ClCompile>
    <ClCompile Include="$(SRC_DIR_CommonAPI)\dsvbksb.c">
      <Filter>Source Files</Filter>
    </ClCompile>
    <ClCompile Include="$(SRC_DIR_CommonAPI)\dsvdcmp.c">
      <Filter>Source Files</Filter>
    </ClCompile>
    <ClCompile Include="$(SRC_DIR_CommonAPI)\EditsAnalysis.c">
      <Filter>Source Files</Filter>
    </ClCompile>
    <ClCompile Include="$(SRC_DIR_CommonAPI)\EI_Edits.c">
      <Filter>Source Files</Filter>
    </ClCompile>
    <ClCompile Include="$(SRC_DIR_CommonAPI)\EI_EditsAddPositivity.c">
      <Filter>Source Files</Filter>
    </ClCompile>
    <ClCompile Include="$(SRC_DIR_CommonAPI)\EI_EditsBounds.c">
      <Filter>Source Files</Filter>
    </ClCompile>
    <ClCompile Include="$(SRC_DIR_CommonAPI)\EI_EditsConsistency.c">
      <Filter>Source Files</Filter>
    </ClCompile>
    <ClCompile Include="$(SRC_DIR_CommonAPI)\EI_EditsRedundancy.c">
      <Filter>Source Files</Filter>
    </ClCompile>
    <ClCompile Include="$(SRC_DIR_CommonAPI)\EI_Info.c">
      <Filter>Source Files</Filter>
    </ClCompile>
    <ClCompile Include="$(SRC_DIR_CommonAPI)\EI_Message.c">
      <Filter>Source Files</Filter>
    </ClCompile>
    <ClCompile Include="$(SRC_DIR_CommonAPI)\EqualityMatrix.c">
      <Filter>Source Files</Filter>
    </ClCompile>
    <ClCompile Include="$(SRC_DIR_CommonAPI)\getopt.c">
      <Filter>Source Files</Filter>
    </ClCompile>
    <ClCompile Include="$(SRC_DIR_CommonAPI)\ilist.c">
      <Filter>Source Files</Filter>
    </ClCompile>
    <ClCompile Include="$(SRC_DIR_CommonAPI)\Matrix.c">
      <Filter>Source Files</Filter>
    </ClCompile>
    <ClCompile Include="$(SRC_DIR_CommonAPI)\nrutil.c">
      <Filter>Source Files</Filter>
    </ClCompile>
    <ClCompile Include="$(SRC_DIR_CommonAPI)\singular_value_decomposition.c">
      <Filter>Source Files</Filter>
    </ClCompile>
    <ClCompile Include="$(SRC_DIR_CommonAPI)\slist.c">
      <Filter>Source Files</Filter>
    </ClCompile>
    <ClCompile Include="$(SRC_DIR_CommonAPI)\STC_Compare.c">
      <Filter>Source Files</Filter>
    </ClCompile>
    <ClCompile Include="$(SRC_DIR_CommonAPI)\STC_Memory.c">
      <Filter>Source Files</Filter>
    </ClCompile>
    <ClCompile Include="$(SRC_DIR_CommonAPI)\util.c">
      <Filter>Source Files</Filter>
    </ClCompile>
  </ItemGroup>
  <ItemGroup>
    <ClInclude Include="$(SRC_DIR_CommonAPI)\adtlist.h">
      <Filter>Header Files</Filter>
    </ClInclude>
    <ClInclude Include="$(SRC_DIR_CommonAPI)\EditsAnalysis.h">
      <Filter>Header Files</Filter>
    </ClInclude>
    <ClInclude Include="$(SRC_DIR_CommonAPI)\EIP_Common.h">
      <Filter>Header Files</Filter>
    </ClInclude>
    <ClInclude Include="$(SRC_DIR_CommonAPI)\EI_Common.h">
      <Filter>Header Files</Filter>
    </ClInclude>
    <ClInclude Include="$(SRC_DIR_CommonAPI)\EI_Edits.h">
      <Filter>Header Files</Filter>
    </ClInclude>
    <ClInclude Include="$(SRC_DIR_CommonAPI)\EI_EditsAddPositivity.h">
      <Filter>Header Files</Filter>
    </ClInclude>
    <ClInclude Include="$(SRC_DIR_CommonAPI)\EI_EditsBounds.h">
      <Filter>Header Files</Filter>
    </ClInclude>
    <ClInclude Include="$(SRC_DIR_CommonAPI)\EI_EditsConsistency.h">
      <Filter>Header Files</Filter>
    </ClInclude>
    <ClInclude Include="$(SRC_DIR_CommonAPI)\EI_EditsRedundancy.h">
      <Filter>Header Files</Filter>
    </ClInclude>
    <ClInclude Include="$(SRC_DIR_CommonAPI)\EI_EditsStruct.h">
      <Filter>Header Files</Filter>
    </ClInclude>
    <ClInclude Include="$(SRC_DIR_CommonAPI)\EI_Info.h">
      <Filter>Header Files</Filter>
    </ClInclude>
    <ClInclude Include="$(SRC_DIR_CommonAPI)\EI_Message.h">
      <Filter>Header Files</Filter>
    </ClInclude>
    <ClInclude Include="$(SRC_DIR_CommonAPI)\EqualityMatrix.h">
      <Filter>Header Files</Filter>
    </ClInclude>
    <ClInclude Include="$(SRC_DIR_CommonAPI)\getopt.h">
      <Filter>Header Files</Filter>
    </ClInclude>
    <ClInclude Include="$(SRC_DIR_CommonAPI)\ilist.h">
      <Filter>Header Files</Filter>
    </ClInclude>
    <ClInclude Include="$(SRC_DIR_CommonAPI)\Matrix.h">
      <Filter>Header Files</Filter>
    </ClInclude>
    <ClInclude Include="$(SRC_DIR_CommonAPI)\MessageCommonAPI.h">
      <Filter>Header Files</Filter>
    </ClInclude>
    <ClInclude Include="$(SRC_DIR_CommonAPI)\MessageCommonAPI_en.h">
      <Filter>Header Files</Filter>
    </ClInclude>
    <ClInclude Include="$(SRC_DIR_CommonAPI)\MessageCommonAPI_fr.h">
      <Filter>Header Files</Filter>
    </ClInclude>
    <ClInclude Include="$(SRC_DIR_CommonAPI)\nr.h">
      <Filter>Header Files</Filter>
    </ClInclude>
    <ClInclude Include="$(SRC_DIR_CommonAPI)\nrutil.h">
      <Filter>Header Files</Filter>
    </ClInclude>
    <ClInclude Include="$(SRC_DIR_CommonAPI)\singular_value_decomposition.h">
      <Filter>Header Files</Filter>
    </ClInclude>
    <ClInclude Include="$(SRC_DIR_CommonAPI)\slist.h">
      <Filter>Header Files</Filter>
    </ClInclude>
    <ClInclude Include="$(SRC_DIR_CommonAPI)\STC_Compare.h">
      <Filter>Header Files</Filter>
    </ClInclude>
    <ClInclude Include="$(SRC_DIR_CommonAPI)\STC_Memory.h">
      <Filter>Header Files</Filter>
    </ClInclude>
    <ClInclude Include="$(SRC_DIR_CommonAPI)\util.h">
      <Filter>Header Files</Filter>
    </ClInclude>
  </ItemGroup>
</Project>