<?xml version="1.0" encoding="utf-8"?>
<Project ToolsVersion="4.0" xmlns="http://schemas.microsoft.com/developer/msbuild/2003">
  <ItemGroup>
    <Filter Include="Source Files">
      <UniqueIdentifier>{4FC737F1-C7A5-4376-A066-2A32D752A2FF}</UniqueIdentifier>
      <Extensions>cpp;c;cc;cxx;c++;cppm;ixx;def;odl;idl;hpj;bat;asm;asmx</Extensions>
    </Filter>
    <Filter Include="Header Files">
      <UniqueIdentifier>{93995380-89BD-4b04-88EB-625FBE52EBFB}</UniqueIdentifier>
      <Extensions>h;hh;hpp;hxx;h++;hm;inl;inc;ipp;xsd</Extensions>
    </Filter>
    <Filter Include="Resource Files">
      <UniqueIdentifier>{67DA6AB6-F800-4c08-8B7A-83BB121AAD01}</UniqueIdentifier>
      <Extensions>rc;ico;cur;bmp;dlg;rc2;rct;bin;rgs;gif;jpg;jpeg;jpe;resx;tiff;tif;png;wav;mfcribbon-ms</Extensions>
    </Filter>
    <Filter Include="JSON Library Mapping">
      <UniqueIdentifier>{c4828792-f4b1-4db2-a4a2-fdad15a4c2a3}</UniqueIdentifier>
    </Filter>
  </ItemGroup>
  <ItemGroup>
    <ClCompile Include="$(SRC_DIR_IOUtilities)\IOUtil.c">
      <Filter>Source Files</Filter>
    </ClCompile>
    <ClCompile Include="$(SRC_DIR_IOUtilities)\SUtil.c">
      <Filter>Source Files</Filter>
    </ClCompile>
    <ClCompile Include="$(SRC_DIR_IOUtilities)\JLM_jansson.c">
      <Filter>JSON Library Mapping</Filter>
    </ClCompile>
    <ClCompile Include="$(SRC_DIR_IOUtilities)\PublicHelpers.c">
      <Filter>Source Files</Filter>
    </ClCompile>
    <ClCompile Include="$(SRC_DIR_IOUtilities)\IO_Jansson.c">
      <Filter>Source Files</Filter>
    </ClCompile>
    <ClCompile Include="$(SRC_DIR_IOUtilities)\IO_Messages.c">
      <Filter>Source Files</Filter>
    </ClCompile>
    <ClCompile Include="$(SRC_DIR_IOUtilities)\RuntimeDiagnostics.c">
      <Filter>Source Files</Filter>
    </ClCompile>
    <ClCompile Include="$(SRC_DIR_IOUtilities)\ValueHelpers.c">
      <Filter>Source Files</Filter>
    </ClCompile>
    <ClCompile Include="$(SRC_DIR_IOUtilities)\IO_Arrow.c">
      <Filter>Source Files</Filter>
    </ClCompile>
    <ClCompile Include="$(SRC_DIR_IOUtilities)\PlatformSupport.c">
      <Filter>Source Files</Filter>
    </ClCompile>
    <ClCompile Include="..\_submodules\STC_C_Libraries\IOUtilities\SDataSet.c">
      <Filter>Source Files</Filter>
    </ClCompile>
  </ItemGroup>
  <ItemGroup>
    <ClInclude Include="$(SRC_DIR_IOUtilities)\IOUtil.h">
      <Filter>Header Files</Filter>
    </ClInclude>
    <ClInclude Include="$(SRC_DIR_IOUtilities)\SUtil.h">
      <Filter>Header Files</Filter>
    </ClInclude>
    <ClInclude Include="$(SRC_DIR_IOUtilities)\JLM_jansson.h">
      <Filter>JSON Library Mapping</Filter>
    </ClInclude>
    <ClInclude Include="$(SRC_DIR_IOUtilities)\PublicHelpers.h">
      <Filter>Header Files</Filter>
    </ClInclude>
    <ClInclude Include="$(SRC_DIR_IOUtilities)\IO_Jansson.h">
      <Filter>Header Files</Filter>
    </ClInclude>
    <ClInclude Include="$(SRC_DIR_IOUtilities)\IO_Messages.h">
      <Filter>Header Files</Filter>
    </ClInclude>
    <ClInclude Include="$(SRC_DIR_IOUtilities)\RuntimeDiagnostics.h">
      <Filter>Header Files</Filter>
    </ClInclude>
    <ClInclude Include="$(SRC_DIR_IOUtilities)\ValueHelpers.h">
      <Filter>Header Files</Filter>
    </ClInclude>
    <ClInclude Include="$(SRC_DIR_IOUtilities)\PlatformSupport.h">
      <Filter>Header Files</Filter>
    </ClInclude>
    <ClInclude Include="$(SRC_DIR_IOUtilities)\IO_Arrow.h">
      <Filter>Header Files</Filter>
    </ClInclude>
    <ClInclude Include="$(SRC_DIR_IOUtilities)\ExportHelper.h">
      <Filter>Header Files</Filter>
    </ClInclude>
    <ClInclude Include="$(SRC_DIR_IOUtilities)\IO_Messages_en.h">
      <Filter>Header Files</Filter>
    </ClInclude>
    <ClInclude Include="$(SRC_DIR_IOUtilities)\IO_Messages_fr.h">
      <Filter>Header Files</Filter>
    </ClInclude>
    <ClInclude Include="..\_submodules\STC_C_Libraries\IOUtilities\SDataSet.h">
      <Filter>Header Files</Filter>
    </ClInclude>
  </ItemGroup>
</Project>